
Microsoft Visual Studio Solution File, Format Version 12.00
# Visual Studio Version 17
VisualStudioVersion = 17.5.33414.496
MinimumVisualStudioVersion = 10.0.40219.1
Project("{FAE04EC0-301F-11D3-BF4B-00C04F79EFBC}") = "Final Exam Part Two", "Final Exam Part Two.csproj", "{D17839EB-8975-42B8-AA4F-5BB5F816EE89}"
EndProject
Global
	GlobalSection(SolutionConfigurationPlatforms) = preSolution
		Debug|Any CPU = Debug|Any CPU
		Release|Any CPU = Release|Any CPU
	EndGlobalSection
	GlobalSection(ProjectConfigurationPlatforms) = postSolution
		{D17839EB-8975-42B8-AA4F-5BB5F816EE89}.Debug|Any CPU.ActiveCfg = Debug|Any CPU
		{D17839EB-8975-42B8-AA4F-5BB5F816EE89}.Debug|Any CPU.Build.0 = Debug|Any CPU
		{D17839EB-8975-42B8-AA4F-5BB5F816EE89}.Release|Any CPU.ActiveCfg = Release|Any CPU
		{D17839EB-8975-42B8-AA4F-5BB5F816EE89}.Release|Any CPU.Build.0 = Release|Any CPU
	EndGlobalSection
	GlobalSection(SolutionProperties) = preSolution
		HideSolutionNode = FALSE
	EndGlobalSection
	GlobalSection(ExtensibilityGlobals) = postSolution
		SolutionGuid = {861E1CDE-8104-45D2-82C1-464636879F4F}
	EndGlobalSection
EndGlobal
