
Microsoft Visual Studio Solution File, Format Version 12.00
# Visual Studio Version 17
VisualStudioVersion = 17.4.33213.308
MinimumVisualStudioVersion = 10.0.40219.1
Project("{FAE04EC0-301F-11D3-BF4B-00C04F79EFBC}") = "WindowsFormsApp1", "WindowsFormsApp1\WindowsFormsApp1.csproj", "{CAD03362-0BE4-4C22-8A3F-1E2D7442505E}"
EndProject
Global
	GlobalSection(SolutionConfigurationPlatforms) = preSolution
		Debug|Any CPU = Debug|Any CPU
		Release|Any CPU = Release|Any CPU
	EndGlobalSection
	GlobalSection(ProjectConfigurationPlatforms) = postSolution
		{CAD03362-0BE4-4C22-8A3F-1E2D7442505E}.Debug|Any CPU.ActiveCfg = Debug|Any CPU
		{CAD03362-0BE4-4C22-8A3F-1E2D7442505E}.Debug|Any CPU.Build.0 = Debug|Any CPU
		{CAD03362-0BE4-4C22-8A3F-1E2D7442505E}.Release|Any CPU.ActiveCfg = Release|Any CPU
		{CAD03362-0BE4-4C22-8A3F-1E2D7442505E}.Release|Any CPU.Build.0 = Release|Any CPU
	EndGlobalSection
	GlobalSection(SolutionProperties) = preSolution
		HideSolutionNode = FALSE
	EndGlobalSection
	GlobalSection(ExtensibilityGlobals) = postSolution
		SolutionGuid = {98F86EC8-240E-4312-A215-3689296AD428}
	EndGlobalSection
EndGlobal
